
Microsoft Visual Studio Solution File, Format Version 12.00
# Visual Studio Version 16
VisualStudioVersion = 16.0.31313.79
MinimumVisualStudioVersion = 10.0.40219.1
Project("{FAE04EC0-301F-11D3-BF4B-00C04F79EFBC}") = "EFCore", "EFCore\EFCore.csproj", "{6F4270BB-82DB-46E9-8466-8DB5A8D77BD8}"
EndProject
Project("{9A19103F-16F7-4668-BE54-9A1E7A4F7556}") = "EFCoreMigrations", "EFCoreMigrations\EFCoreMigrations.csproj", "{7A200C0D-84D9-4B10-A100-71A9F9D9727C}"
EndProject
Global
	GlobalSection(SolutionConfigurationPlatforms) = preSolution
		Debug|Any CPU = Debug|Any CPU
		Release|Any CPU = Release|Any CPU
	EndGlobalSection
	GlobalSection(ProjectConfigurationPlatforms) = postSolution
		{6F4270BB-82DB-46E9-8466-8DB5A8D77BD8}.Debug|Any CPU.ActiveCfg = Debug|Any CPU
		{6F4270BB-82DB-46E9-8466-8DB5A8D77BD8}.Debug|Any CPU.Build.0 = Debug|Any CPU
		{6F4270BB-82DB-46E9-8466-8DB5A8D77BD8}.Release|Any CPU.ActiveCfg = Release|Any CPU
		{6F4270BB-82DB-46E9-8466-8DB5A8D77BD8}.Release|Any CPU.Build.0 = Release|Any CPU
		{7A200C0D-84D9-4B10-A100-71A9F9D9727C}.Debug|Any CPU.ActiveCfg = Debug|Any CPU
		{7A200C0D-84D9-4B10-A100-71A9F9D9727C}.Debug|Any CPU.Build.0 = Debug|Any CPU
		{7A200C0D-84D9-4B10-A100-71A9F9D9727C}.Release|Any CPU.ActiveCfg = Release|Any CPU
		{7A200C0D-84D9-4B10-A100-71A9F9D9727C}.Release|Any CPU.Build.0 = Release|Any CPU
	EndGlobalSection
	GlobalSection(SolutionProperties) = preSolution
		HideSolutionNode = FALSE
	EndGlobalSection
	GlobalSection(ExtensibilityGlobals) = postSolution
		SolutionGuid = {978CE288-9E25-4AF8-AD26-91F6BA482970}
	EndGlobalSection
EndGlobal
